
Microsoft Visual Studio Solution File, Format Version 12.00
# Visual Studio Version 16
VisualStudioVersion = 16.0.31515.178
MinimumVisualStudioVersion = 10.0.40219.1
Project("{FAE04EC0-301F-11D3-BF4B-00C04F79EFBC}") = "SellPoint.Data", "SellPoint.Data\SellPoint.Data.csproj", "{7E757B81-B4E3-457C-8BA7-5006BCEDE78C}"
EndProject
Project("{FAE04EC0-301F-11D3-BF4B-00C04F79EFBC}") = "SellPoint.Business", "SellPoint.Business\SellPoint.Business.csproj", "{506AC742-6B1D-43C0-AA35-37762C75F7FD}"
EndProject
Project("{FAE04EC0-301F-11D3-BF4B-00C04F79EFBC}") = "SellPoint.Presentation.WebAPI", "SellPoint.Presentation.WebAPI\SellPoint.Presentation.WebAPI.csproj", "{B78846C7-46DF-47DB-82A0-63B06F60F439}"
EndProject
Global
	GlobalSection(SolutionConfigurationPlatforms) = preSolution
		Debug|Any CPU = Debug|Any CPU
		Release|Any CPU = Release|Any CPU
	EndGlobalSection
	GlobalSection(ProjectConfigurationPlatforms) = postSolution
		{7E757B81-B4E3-457C-8BA7-5006BCEDE78C}.Debug|Any CPU.ActiveCfg = Debug|Any CPU
		{7E757B81-B4E3-457C-8BA7-5006BCEDE78C}.Debug|Any CPU.Build.0 = Debug|Any CPU
		{7E757B81-B4E3-457C-8BA7-5006BCEDE78C}.Release|Any CPU.ActiveCfg = Release|Any CPU
		{7E757B81-B4E3-457C-8BA7-5006BCEDE78C}.Release|Any CPU.Build.0 = Release|Any CPU
		{506AC742-6B1D-43C0-AA35-37762C75F7FD}.Debug|Any CPU.ActiveCfg = Debug|Any CPU
		{506AC742-6B1D-43C0-AA35-37762C75F7FD}.Debug|Any CPU.Build.0 = Debug|Any CPU
		{506AC742-6B1D-43C0-AA35-37762C75F7FD}.Release|Any CPU.ActiveCfg = Release|Any CPU
		{506AC742-6B1D-43C0-AA35-37762C75F7FD}.Release|Any CPU.Build.0 = Release|Any CPU
		{B78846C7-46DF-47DB-82A0-63B06F60F439}.Debug|Any CPU.ActiveCfg = Debug|Any CPU
		{B78846C7-46DF-47DB-82A0-63B06F60F439}.Debug|Any CPU.Build.0 = Debug|Any CPU
		{B78846C7-46DF-47DB-82A0-63B06F60F439}.Release|Any CPU.ActiveCfg = Release|Any CPU
		{B78846C7-46DF-47DB-82A0-63B06F60F439}.Release|Any CPU.Build.0 = Release|Any CPU
	EndGlobalSection
	GlobalSection(SolutionProperties) = preSolution
		HideSolutionNode = FALSE
	EndGlobalSection
	GlobalSection(ExtensibilityGlobals) = postSolution
		SolutionGuid = {774A7DC2-A238-43AC-AE59-D3B33B1B6A43}
	EndGlobalSection
EndGlobal
